# THIS IS AN AUTOGENERATED FILE. DO NOT EDIT THIS FILE DIRECTLY.
# yarn lockfile v1


use-event-target@^1.1.2:
  version "1.1.3"
  resolved "https://registry.yarnpkg.com/use-event-target/-/use-event-target-1.1.3.tgz#95e404f9dd22092344eab17b9b5c18c0d1cf538c"
  integrity sha512-d2ClqiA7A5IB5NBycXCgfc9oRJlZspW/GjkyFSDzINpaoUQJVQ2ui9mqPWjxaRV9B2dBy3YLze/BPjE8BiEEEA==
